
Microsoft Visual Studio Solution File, Format Version 12.00
# Visual Studio Version 16
VisualStudioVersion = 16.0.31702.278
MinimumVisualStudioVersion = 10.0.40219.1
Project("{FAE04EC0-301F-11D3-BF4B-00C04F79EFBC}") = "DevOps2", "DevOps2\DevOps2.csproj", "{BF072EEA-86DE-498E-9C39-672395E0AA13}"
EndProject
Global
	GlobalSection(SolutionConfigurationPlatforms) = preSolution
		Debug|Any CPU = Debug|Any CPU
		Release|Any CPU = Release|Any CPU
	EndGlobalSection
	GlobalSection(ProjectConfigurationPlatforms) = postSolution
		{BF072EEA-86DE-498E-9C39-672395E0AA13}.Debug|Any CPU.ActiveCfg = Debug|Any CPU
		{BF072EEA-86DE-498E-9C39-672395E0AA13}.Debug|Any CPU.Build.0 = Debug|Any CPU
		{BF072EEA-86DE-498E-9C39-672395E0AA13}.Release|Any CPU.ActiveCfg = Release|Any CPU
		{BF072EEA-86DE-498E-9C39-672395E0AA13}.Release|Any CPU.Build.0 = Release|Any CPU
	EndGlobalSection
	GlobalSection(SolutionProperties) = preSolution
		HideSolutionNode = FALSE
	EndGlobalSection
	GlobalSection(ExtensibilityGlobals) = postSolution
		SolutionGuid = {8841B196-BC8D-465C-911A-80A6ECA51208}
	EndGlobalSection
EndGlobal
